
Microsoft Visual Studio Solution File, Format Version 12.00
# Visual Studio Version 16
VisualStudioVersion = 16.0.32413.511
MinimumVisualStudioVersion = 10.0.40219.1
Project("{FAE04EC0-301F-11D3-BF4B-00C04F79EFBC}") = "NavchPrakt_28_LINQtoSQL", "NavchPrakt_28_LINQtoSQL.csproj", "{B445393B-AC73-4CDF-BA43-37206BE61A41}"
EndProject
Global
	GlobalSection(SolutionConfigurationPlatforms) = preSolution
		Debug|Any CPU = Debug|Any CPU
		Release|Any CPU = Release|Any CPU
	EndGlobalSection
	GlobalSection(ProjectConfigurationPlatforms) = postSolution
		{B445393B-AC73-4CDF-BA43-37206BE61A41}.Debug|Any CPU.ActiveCfg = Debug|Any CPU
		{B445393B-AC73-4CDF-BA43-37206BE61A41}.Debug|Any CPU.Build.0 = Debug|Any CPU
		{B445393B-AC73-4CDF-BA43-37206BE61A41}.Release|Any CPU.ActiveCfg = Release|Any CPU
		{B445393B-AC73-4CDF-BA43-37206BE61A41}.Release|Any CPU.Build.0 = Release|Any CPU
	EndGlobalSection
	GlobalSection(SolutionProperties) = preSolution
		HideSolutionNode = FALSE
	EndGlobalSection
	GlobalSection(ExtensibilityGlobals) = postSolution
		SolutionGuid = {08BC65E4-06CF-4189-B2E0-07E57CAABA05}
	EndGlobalSection
EndGlobal
